version = 1
revision = 3
requires-python = ">=3.12"

[[package]]
name = "asar"
version = "0.1.2"
source = { git = "https://github.com/lykahb/asar-py.git#bf012a9b3333fce097b5fcbb42a7e33a06f6256f" }

[[package]]
name = "pandanet-theme-replacer"
version = "0.1.0"
source = { editable = "." }
dependencies = [
    { name = "asar" },
]

[package.metadata]
requires-dist = [{ name = "asar", git = "https://github.com/lykahb/asar-py.git" }]
